// !$*UTF8*$!
{
	archiveVersion = 1;
	classes = {
	};
	objectVersion = 50;
	objects = {

/* Begin PBXBuildFile section */
		857F9397233A92AD00FA2334 /* AppDelegate.swift in Sources */ = {isa = PBXBuildFile; fileRef = 857F9396233A92AD00FA2334 /* AppDelegate.swift */; };
		857F9399233A92AD00FA2334 /* ViewController.swift in Sources */ = {isa = PBXBuildFile; fileRef = 857F9398233A92AD00FA2334 /* ViewController.swift */; };
		857F939C233A92AD00FA2334 /* Main.storyboard in Resources */ = {isa = PBXBuildFile; fileRef = 857F939A233A92AD00FA2334 /* Main.storyboard */; };
		857F939E233A92AF00FA2334 /* Assets.xcassets in Resources */ = {isa = PBXBuildFile; fileRef = 857F939D233A92AF00FA2334 /* Assets.xcassets */; };
		857F93A1233A92AF00FA2334 /* LaunchScreen.storyboard in Resources */ = {isa = PBXBuildFile; fileRef = 857F939F233A92AF00FA2334 /* LaunchScreen.storyboard */; };
		857F93AC233A92AF00FA2334 /* UserDefaultTests.swift in Sources */ = {isa = PBXBuildFile; fileRef = 857F93AB233A92AF00FA2334 /* UserDefaultTests.swift */; };
		857F93B7233A9E1F00FA2334 /* NetworkManager.swift in Sources */ = {isa = PBXBuildFile; fileRef = 857F93B6233A9E1F00FA2334 /* NetworkManager.swift */; };
		857F93B9233A9E3C00FA2334 /* Error.swift in Sources */ = {isa = PBXBuildFile; fileRef = 857F93B8233A9E3C00FA2334 /* Error.swift */; };
		857F93BB233A9E6200FA2334 /* HoroscopeAPI.swift in Sources */ = {isa = PBXBuildFile; fileRef = 857F93BA233A9E6200FA2334 /* HoroscopeAPI.swift */; };
		857F93BD233AA15800FA2334 /* HoroscopeDetailViewController.swift in Sources */ = {isa = PBXBuildFile; fileRef = 857F93BC233AA15800FA2334 /* HoroscopeDetailViewController.swift */; };
		857F93BF233AA31700FA2334 /* HoroscopeRange.swift in Sources */ = {isa = PBXBuildFile; fileRef = 857F93BE233AA31700FA2334 /* HoroscopeRange.swift */; };
/* End PBXBuildFile section */

/* Begin PBXContainerItemProxy section */
		857F93A8233A92AF00FA2334 /* PBXContainerItemProxy */ = {
			isa = PBXContainerItemProxy;
			containerPortal = 857F938B233A92AD00FA2334 /* Project object */;
			proxyType = 1;
			remoteGlobalIDString = 857F9392233A92AD00FA2334;
			remoteInfo = UserDefault;
		};
/* End PBXContainerItemProxy section */

/* Begin PBXFileReference section */
		857F9393233A92AD00FA2334 /* UserDefault.app */ = {isa = PBXFileReference; explicitFileType = wrapper.application; includeInIndex = 0; path = UserDefault.app; sourceTree = BUILT_PRODUCTS_DIR; };
		857F9396233A92AD00FA2334 /* AppDelegate.swift */ = {isa = PBXFileReference; lastKnownFileType = sourcecode.swift; path = AppDelegate.swift; sourceTree = "<group>"; };
		857F9398233A92AD00FA2334 /* ViewController.swift */ = {isa = PBXFileReference; lastKnownFileType = sourcecode.swift; path = ViewController.swift; sourceTree = "<group>"; };
		857F939B233A92AD00FA2334 /* Base */ = {isa = PBXFileReference; lastKnownFileType = file.storyboard; name = Base; path = Base.lproj/Main.storyboard; sourceTree = "<group>"; };
		857F939D233A92AF00FA2334 /* Assets.xcassets */ = {isa = PBXFileReference; lastKnownFileType = folder.assetcatalog; path = Assets.xcassets; sourceTree = "<group>"; };
		857F93A0233A92AF00FA2334 /* Base */ = {isa = PBXFileReference; lastKnownFileType = file.storyboard; name = Base; path = Base.lproj/LaunchScreen.storyboard; sourceTree = "<group>"; };
		857F93A2233A92AF00FA2334 /* Info.plist */ = {isa = PBXFileReference; lastKnownFileType = text.plist.xml; path = Info.plist; sourceTree = "<group>"; };
		857F93A7233A92AF00FA2334 /* UserDefaultTests.xctest */ = {isa = PBXFileReference; explicitFileType = wrapper.cfbundle; includeInIndex = 0; path = UserDefaultTests.xctest; sourceTree = BUILT_PRODUCTS_DIR; };
		857F93AB233A92AF00FA2334 /* UserDefaultTests.swift */ = {isa = PBXFileReference; lastKnownFileType = sourcecode.swift; path = UserDefaultTests.swift; sourceTree = "<group>"; };
		857F93AD233A92AF00FA2334 /* Info.plist */ = {isa = PBXFileReference; lastKnownFileType = text.plist.xml; path = Info.plist; sourceTree = "<group>"; };
		857F93B6233A9E1F00FA2334 /* NetworkManager.swift */ = {isa = PBXFileReference; lastKnownFileType = sourcecode.swift; path = NetworkManager.swift; sourceTree = "<group>"; };
		857F93B8233A9E3C00FA2334 /* Error.swift */ = {isa = PBXFileReference; lastKnownFileType = sourcecode.swift; path = Error.swift; sourceTree = "<group>"; };
		857F93BA233A9E6200FA2334 /* HoroscopeAPI.swift */ = {isa = PBXFileReference; lastKnownFileType = sourcecode.swift; path = HoroscopeAPI.swift; sourceTree = "<group>"; };
		857F93BC233AA15800FA2334 /* HoroscopeDetailViewController.swift */ = {isa = PBXFileReference; lastKnownFileType = sourcecode.swift; path = HoroscopeDetailViewController.swift; sourceTree = "<group>"; };
		857F93BE233AA31700FA2334 /* HoroscopeRange.swift */ = {isa = PBXFileReference; lastKnownFileType = sourcecode.swift; path = HoroscopeRange.swift; sourceTree = "<group>"; };
/* End PBXFileReference section */

/* Begin PBXFrameworksBuildPhase section */
		857F9390233A92AD00FA2334 /* Frameworks */ = {
			isa = PBXFrameworksBuildPhase;
			buildActionMask = 2147483647;
			files = (
			);
			runOnlyForDeploymentPostprocessing = 0;
		};
		857F93A4233A92AF00FA2334 /* Frameworks */ = {
			isa = PBXFrameworksBuildPhase;
			buildActionMask = 2147483647;
			files = (
			);
			runOnlyForDeploymentPostprocessing = 0;
		};
/* End PBXFrameworksBuildPhase section */

/* Begin PBXGroup section */
		857F938A233A92AD00FA2334 = {
			isa = PBXGroup;
			children = (
				857F9395233A92AD00FA2334 /* UserDefault */,
				857F93AA233A92AF00FA2334 /* UserDefaultTests */,
				857F9394233A92AD00FA2334 /* Products */,
			);
			sourceTree = "<group>";
		};
		857F9394233A92AD00FA2334 /* Products */ = {
			isa = PBXGroup;
			children = (
				857F9393233A92AD00FA2334 /* UserDefault.app */,
				857F93A7233A92AF00FA2334 /* UserDefaultTests.xctest */,
			);
			name = Products;
			sourceTree = "<group>";
		};
		857F9395233A92AD00FA2334 /* UserDefault */ = {
			isa = PBXGroup;
			children = (
				857F9396233A92AD00FA2334 /* AppDelegate.swift */,
				857F93B6233A9E1F00FA2334 /* NetworkManager.swift */,
				857F93BA233A9E6200FA2334 /* HoroscopeAPI.swift */,
				857F93BE233AA31700FA2334 /* HoroscopeRange.swift */,
				857F9398233A92AD00FA2334 /* ViewController.swift */,
				857F93BC233AA15800FA2334 /* HoroscopeDetailViewController.swift */,
				857F93B8233A9E3C00FA2334 /* Error.swift */,
				857F939A233A92AD00FA2334 /* Main.storyboard */,
				857F939D233A92AF00FA2334 /* Assets.xcassets */,
				857F939F233A92AF00FA2334 /* LaunchScreen.storyboard */,
				857F93A2233A92AF00FA2334 /* Info.plist */,
			);
			path = UserDefault;
			sourceTree = "<group>";
		};
		857F93AA233A92AF00FA2334 /* UserDefaultTests */ = {
			isa = PBXGroup;
			children = (
				857F93AB233A92AF00FA2334 /* UserDefaultTests.swift */,
				857F93AD233A92AF00FA2334 /* Info.plist */,
			);
			path = UserDefaultTests;
			sourceTree = "<group>";
		};
/* End PBXGroup section */

/* Begin PBXNativeTarget section */
		857F9392233A92AD00FA2334 /* UserDefault */ = {
			isa = PBXNativeTarget;
			buildConfigurationList = 857F93B0233A92AF00FA2334 /* Build configuration list for PBXNativeTarget "UserDefault" */;
			buildPhases = (
				857F938F233A92AD00FA2334 /* Sources */,
				857F9390233A92AD00FA2334 /* Frameworks */,
				857F9391233A92AD00FA2334 /* Resources */,
			);
			buildRules = (
			);
			dependencies = (
			);
			name = UserDefault;
			productName = UserDefault;
			productReference = 857F9393233A92AD00FA2334 /* UserDefault.app */;
			productType = "com.apple.product-type.application";
		};
		857F93A6233A92AF00FA2334 /* UserDefaultTests */ = {
			isa = PBXNativeTarget;
			buildConfigurationList = 857F93B3233A92AF00FA2334 /* Build configuration list for PBXNativeTarget "UserDefaultTests" */;
			buildPhases = (
				857F93A3233A92AF00FA2334 /* Sources */,
				857F93A4233A92AF00FA2334 /* Frameworks */,
				857F93A5233A92AF00FA2334 /* Resources */,
			);
			buildRules = (
			);
			dependencies = (
				857F93A9233A92AF00FA2334 /* PBXTargetDependency */,
			);
			name = UserDefaultTests;
			productName = UserDefaultTests;
			productReference = 857F93A7233A92AF00FA2334 /* UserDefaultTests.xctest */;
			productType = "com.apple.product-type.bundle.unit-test";
		};
/* End PBXNativeTarget section */

/* Begin PBXProject section */
		857F938B233A92AD00FA2334 /* Project object */ = {
			isa = PBXProject;
			attributes = {
				LastSwiftUpdateCheck = 1030;
				LastUpgradeCheck = 1030;
				ORGANIZATIONNAME = EricM;
				TargetAttributes = {
					857F9392233A92AD00FA2334 = {
						CreatedOnToolsVersion = 10.3;
					};
					857F93A6233A92AF00FA2334 = {
						CreatedOnToolsVersion = 10.3;
						TestTargetID = 857F9392233A92AD00FA2334;
					};
				};
			};
			buildConfigurationList = 857F938E233A92AD00FA2334 /* Build configuration list for PBXProject "UserDefault" */;
			compatibilityVersion = "Xcode 9.3";
			developmentRegion = en;
			hasScannedForEncodings = 0;
			knownRegions = (
				en,
				Base,
			);
			mainGroup = 857F938A233A92AD00FA2334;
			productRefGroup = 857F9394233A92AD00FA2334 /* Products */;
			projectDirPath = "";
			projectRoot = "";
			targets = (
				857F9392233A92AD00FA2334 /* UserDefault */,
				857F93A6233A92AF00FA2334 /* UserDefaultTests */,
			);
		};
/* End PBXProject section */

/* Begin PBXResourcesBuildPhase section */
		857F9391233A92AD00FA2334 /* Resources */ = {
			isa = PBXResourcesBuildPhase;
			buildActionMask = 2147483647;
			files = (
				857F93A1233A92AF00FA2334 /* LaunchScreen.storyboard in Resources */,
				857F939E233A92AF00FA2334 /* Assets.xcassets in Resources */,
				857F939C233A92AD00FA2334 /* Main.storyboard in Resources */,
			);
			runOnlyForDeploymentPostprocessing = 0;
		};
		857F93A5233A92AF00FA2334 /* Resources */ = {
			isa = PBXResourcesBuildPhase;
			buildActionMask = 2147483647;
			files = (
			);
			runOnlyForDeploymentPostprocessing = 0;
		};
/* End PBXResourcesBuildPhase section */

/* Begin PBXSourcesBuildPhase section */
		857F938F233A92AD00FA2334 /* Sources */ = {
			isa = PBXSourcesBuildPhase;
			buildActionMask = 2147483647;
			files = (
				857F93B9233A9E3C00FA2334 /* Error.swift in Sources */,
				857F93B7233A9E1F00FA2334 /* NetworkManager.swift in Sources */,
				857F9399233A92AD00FA2334 /* ViewController.swift in Sources */,
				857F93BB233A9E6200FA2334 /* HoroscopeAPI.swift in Sources */,
				857F93BF233AA31700FA2334 /* HoroscopeRange.swift in Sources */,
				857F93BD233AA15800FA2334 /* HoroscopeDetailViewController.swift in Sources */,
				857F9397233A92AD00FA2334 /* AppDelegate.swift in Sources */,
			);
			runOnlyForDeploymentPostprocessing = 0;
		};
		857F93A3233A92AF00FA2334 /* Sources */ = {
			isa = PBXSourcesBuildPhase;
			buildActionMask = 2147483647;
			files = (
				857F93AC233A92AF00FA2334 /* UserDefaultTests.swift in Sources */,
			);
			runOnlyForDeploymentPostprocessing = 0;
		};
/* End PBXSourcesBuildPhase section */

/* Begin PBXTargetDependency section */
		857F93A9233A92AF00FA2334 /* PBXTargetDependency */ = {
			isa = PBXTargetDependency;
			target = 857F9392233A92AD00FA2334 /* UserDefault */;
			targetProxy = 857F93A8233A92AF00FA2334 /* PBXContainerItemProxy */;
		};
/* End PBXTargetDependency section */

/* Begin PBXVariantGroup section */
		857F939A233A92AD00FA2334 /* Main.storyboard */ = {
			isa = PBXVariantGroup;
			children = (
				857F939B233A92AD00FA2334 /* Base */,
			);
			name = Main.storyboard;
			sourceTree = "<group>";
		};
		857F939F233A92AF00FA2334 /* LaunchScreen.storyboard */ = {
			isa = PBXVariantGroup;
			children = (
				857F93A0233A92AF00FA2334 /* Base */,
			);
			name = LaunchScreen.storyboard;
			sourceTree = "<group>";
		};
/* End PBXVariantGroup section */

/* Begin XCBuildConfiguration section */
		857F93AE233A92AF00FA2334 /* Debug */ = {
			isa = XCBuildConfiguration;
			buildSettings = {
				ALWAYS_SEARCH_USER_PATHS = NO;
				CLANG_ANALYZER_NONNULL = YES;
				CLANG_ANALYZER_NUMBER_OBJECT_CONVERSION = YES_AGGRESSIVE;
				CLANG_CXX_LANGUAGE_STANDARD = "gnu++14";
				CLANG_CXX_LIBRARY = "libc++";
				CLANG_ENABLE_MODULES = YES;
				CLANG_ENABLE_OBJC_ARC = YES;
				CLANG_ENABLE_OBJC_WEAK = YES;
				CLANG_WARN_BLOCK_CAPTURE_AUTORELEASING = YES;
				CLANG_WARN_BOOL_CONVERSION = YES;
				CLANG_WARN_COMMA = YES;
				CLANG_WARN_CONSTANT_CONVERSION = YES;
				CLANG_WARN_DEPRECATED_OBJC_IMPLEMENTATIONS = YES;
				CLANG_WARN_DIRECT_OBJC_ISA_USAGE = YES_ERROR;
				CLANG_WARN_DOCUMENTATION_COMMENTS = YES;
				CLANG_WARN_EMPTY_BODY = YES;
				CLANG_WARN_ENUM_CONVERSION = YES;
				CLANG_WARN_INFINITE_RECURSION = YES;
				CLANG_WARN_INT_CONVERSION = YES;
				CLANG_WARN_NON_LITERAL_NULL_CONVERSION = YES;
				CLANG_WARN_OBJC_IMPLICIT_RETAIN_SELF = YES;
				CLANG_WARN_OBJC_LITERAL_CONVERSION = YES;
				CLANG_WARN_OBJC_ROOT_CLASS = YES_ERROR;
				CLANG_WARN_RANGE_LOOP_ANALYSIS = YES;
				CLANG_WARN_STRICT_PROTOTYPES = YES;
				CLANG_WARN_SUSPICIOUS_MOVE = YES;
				CLANG_WARN_UNGUARDED_AVAILABILITY = YES_AGGRESSIVE;
				CLANG_WARN_UNREACHABLE_CODE = YES;
				CLANG_WARN__DUPLICATE_METHOD_MATCH = YES;
				CODE_SIGN_IDENTITY = "iPhone Developer";
				COPY_PHASE_STRIP = NO;
				DEBUG_INFORMATION_FORMAT = dwarf;
				ENABLE_STRICT_OBJC_MSGSEND = YES;
				ENABLE_TESTABILITY = YES;
				GCC_C_LANGUAGE_STANDARD = gnu11;
				GCC_DYNAMIC_NO_PIC = NO;
				GCC_NO_COMMON_BLOCKS = YES;
				GCC_OPTIMIZATION_LEVEL = 0;
				GCC_PREPROCESSOR_DEFINITIONS = (
					"DEBUG=1",
					"$(inherited)",
				);
				GCC_WARN_64_TO_32_BIT_CONVERSION = YES;
				GCC_WARN_ABOUT_RETURN_TYPE = YES_ERROR;
				GCC_WARN_UNDECLARED_SELECTOR = YES;
				GCC_WARN_UNINITIALIZED_AUTOS = YES_AGGRESSIVE;
				GCC_WARN_UNUSED_FUNCTION = YES;
				GCC_WARN_UNUSED_VARIABLE = YES;
				IPHONEOS_DEPLOYMENT_TARGET = 12.4;
				MTL_ENABLE_DEBUG_INFO = INCLUDE_SOURCE;
				MTL_FAST_MATH = YES;
				ONLY_ACTIVE_ARCH = YES;
				SDKROOT = iphoneos;
				SWIFT_ACTIVE_COMPILATION_CONDITIONS = DEBUG;
				SWIFT_OPTIMIZATION_LEVEL = "-Onone";
			};
			name = Debug;
		};
		857F93AF233A92AF00FA2334 /* Release */ = {
			isa = XCBuildConfiguration;
			buildSettings = {
				ALWAYS_SEARCH_USER_PATHS = NO;
				CLANG_ANALYZER_NONNULL = YES;
				CLANG_ANALYZER_NUMBER_OBJECT_CONVERSION = YES_AGGRESSIVE;
				CLANG_CXX_LANGUAGE_STANDARD = "gnu++14";
				CLANG_CXX_LIBRARY = "libc++";
				CLANG_ENABLE_MODULES = YES;
				CLANG_ENABLE_OBJC_ARC = YES;
				CLANG_ENABLE_OBJC_WEAK = YES;
				CLANG_WARN_BLOCK_CAPTURE_AUTORELEASING = YES;
				CLANG_WARN_BOOL_CONVERSION = YES;
				CLANG_WARN_COMMA = YES;
				CLANG_WARN_CONSTANT_CONVERSION = YES;
				CLANG_WARN_DEPRECATED_OBJC_IMPLEMENTATIONS = YES;
				CLANG_WARN_DIRECT_OBJC_ISA_USAGE = YES_ERROR;
				CLANG_WARN_DOCUMENTATION_COMMENTS = YES;
				CLANG_WARN_EMPTY_BODY = YES;
				CLANG_WARN_ENUM_CONVERSION = YES;
				CLANG_WARN_INFINITE_RECURSION = YES;
				CLANG_WARN_INT_CONVERSION = YES;
				CLANG_WARN_NON_LITERAL_NULL_CONVERSION = YES;
				CLANG_WARN_OBJC_IMPLICIT_RETAIN_SELF = YES;
				CLANG_WARN_OBJC_LITERAL_CONVERSION = YES;
				CLANG_WARN_OBJC_ROOT_CLASS = YES_ERROR;
				CLANG_WARN_RANGE_LOOP_ANALYSIS = YES;
				CLANG_WARN_STRICT_PROTOTYPES = YES;
				CLANG_WARN_SUSPICIOUS_MOVE = YES;
				CLANG_WARN_UNGUARDED_AVAILABILITY = YES_AGGRESSIVE;
				CLANG_WARN_UNREACHABLE_CODE = YES;
				CLANG_WARN__DUPLICATE_METHOD_MATCH = YES;
				CODE_SIGN_IDENTITY = "iPhone Developer";
				COPY_PHASE_STRIP = NO;
				DEBUG_INFORMATION_FORMAT = "dwarf-with-dsym";
				ENABLE_NS_ASSERTIONS = NO;
				ENABLE_STRICT_OBJC_MSGSEND = YES;
				GCC_C_LANGUAGE_STANDARD = gnu11;
				GCC_NO_COMMON_BLOCKS = YES;
				GCC_WARN_64_TO_32_BIT_CONVERSION = YES;
				GCC_WARN_ABOUT_RETURN_TYPE = YES_ERROR;
				GCC_WARN_UNDECLARED_SELECTOR = YES;
				GCC_WARN_UNINITIALIZED_AUTOS = YES_AGGRESSIVE;
				GCC_WARN_UNUSED_FUNCTION = YES;
				GCC_WARN_UNUSED_VARIABLE = YES;
				IPHONEOS_DEPLOYMENT_TARGET = 12.4;
				MTL_ENABLE_DEBUG_INFO = NO;
				MTL_FAST_MATH = YES;
				SDKROOT = iphoneos;
				SWIFT_COMPILATION_MODE = wholemodule;
				SWIFT_OPTIMIZATION_LEVEL = "-O";
				VALIDATE_PRODUCT = YES;
			};
			name = Release;
		};
		857F93B1233A92AF00FA2334 /* Debug */ = {
			isa = XCBuildConfiguration;
			buildSettings = {
				ASSETCATALOG_COMPILER_APPICON_NAME = AppIcon;
				CODE_SIGN_STYLE = Automatic;
				INFOPLIST_FILE = UserDefault/Info.plist;
				LD_RUNPATH_SEARCH_PATHS = (
					"$(inherited)",
					"@executable_path/Frameworks",
				);
				PRODUCT_BUNDLE_IDENTIFIER = practice.UserDefault;
				PRODUCT_NAME = "$(TARGET_NAME)";
				SWIFT_VERSION = 5.0;
				TARGETED_DEVICE_FAMILY = "1,2";
			};
			name = Debug;
		};
		857F93B2233A92AF00FA2334 /* Release */ = {
			isa = XCBuildConfiguration;
			buildSettings = {
				ASSETCATALOG_COMPILER_APPICON_NAME = AppIcon;
				CODE_SIGN_STYLE = Automatic;
				INFOPLIST_FILE = UserDefault/Info.plist;
				LD_RUNPATH_SEARCH_PATHS = (
					"$(inherited)",
					"@executable_path/Frameworks",
				);
				PRODUCT_BUNDLE_IDENTIFIER = practice.UserDefault;
				PRODUCT_NAME = "$(TARGET_NAME)";
				SWIFT_VERSION = 5.0;
				TARGETED_DEVICE_FAMILY = "1,2";
			};
			name = Release;
		};
		857F93B4233A92AF00FA2334 /* Debug */ = {
			isa = XCBuildConfiguration;
			buildSettings = {
				ALWAYS_EMBED_SWIFT_STANDARD_LIBRARIES = YES;
				BUNDLE_LOADER = "$(TEST_HOST)";
				CODE_SIGN_STYLE = Automatic;
				INFOPLIST_FILE = UserDefaultTests/Info.plist;
				LD_RUNPATH_SEARCH_PATHS = (
					"$(inherited)",
					"@executable_path/Frameworks",
					"@loader_path/Frameworks",
				);
				PRODUCT_BUNDLE_IDENTIFIER = practice.UserDefaultTests;
				PRODUCT_NAME = "$(TARGET_NAME)";
				SWIFT_VERSION = 5.0;
				TARGETED_DEVICE_FAMILY = "1,2";
				TEST_HOST = "$(BUILT_PRODUCTS_DIR)/UserDefault.app/UserDefault";
			};
			name = Debug;
		};
		857F93B5233A92AF00FA2334 /* Release */ = {
			isa = XCBuildConfiguration;
			buildSettings = {
				ALWAYS_EMBED_SWIFT_STANDARD_LIBRARIES = YES;
				BUNDLE_LOADER = "$(TEST_HOST)";
				CODE_SIGN_STYLE = Automatic;
				INFOPLIST_FILE = UserDefaultTests/Info.plist;
				LD_RUNPATH_SEARCH_PATHS = (
					"$(inherited)",
					"@executable_path/Frameworks",
					"@loader_path/Frameworks",
				);
				PRODUCT_BUNDLE_IDENTIFIER = practice.UserDefaultTests;
				PRODUCT_NAME = "$(TARGET_NAME)";
				SWIFT_VERSION = 5.0;
				TARGETED_DEVICE_FAMILY = "1,2";
				TEST_HOST = "$(BUILT_PRODUCTS_DIR)/UserDefault.app/UserDefault";
			};
			name = Release;
		};
/* End XCBuildConfiguration section */

/* Begin XCConfigurationList section */
		857F938E233A92AD00FA2334 /* Build configuration list for PBXProject "UserDefault" */ = {
			isa = XCConfigurationList;
			buildConfigurations = (
				857F93AE233A92AF00FA2334 /* Debug */,
				857F93AF233A92AF00FA2334 /* Release */,
			);
			defaultConfigurationIsVisible = 0;
			defaultConfigurationName = Release;
		};
		857F93B0233A92AF00FA2334 /* Build configuration list for PBXNativeTarget "UserDefault" */ = {
			isa = XCConfigurationList;
			buildConfigurations = (
				857F93B1233A92AF00FA2334 /* Debug */,
				857F93B2233A92AF00FA2334 /* Release */,
			);
			defaultConfigurationIsVisible = 0;
			defaultConfigurationName = Release;
		};
		857F93B3233A92AF00FA2334 /* Build configuration list for PBXNativeTarget "UserDefaultTests" */ = {
			isa = XCConfigurationList;
			buildConfigurations = (
				857F93B4233A92AF00FA2334 /* Debug */,
				857F93B5233A92AF00FA2334 /* Release */,
			);
			defaultConfigurationIsVisible = 0;
			defaultConfigurationName = Release;
		};
/* End XCConfigurationList section */
	};
	rootObject = 857F938B233A92AD00FA2334 /* Project object */;
}
